
Microsoft Visual Studio Solution File, Format Version 12.00
# Visual Studio 15
VisualStudioVersion = 15.0.28010.2050
MinimumVisualStudioVersion = 10.0.40219.1
Project("{8BC9CEB8-8B4A-11D0-8D11-00A0C91BC942}") = "Lab5", "Lab5\Lab5.vcxproj", "{3F60C5DC-56E6-41A8-8B52-4EA1A2A45DCD}"
EndProject
Project("{8BC9CEB8-8B4A-11D0-8D11-00A0C91BC942}") = "GraphLib", "GraphLib\GraphLib.vcxproj", "{A81D1F11-F727-4DE7-982F-745D4B12FFAC}"
EndProject
Global
	GlobalSection(SolutionConfigurationPlatforms) = preSolution
		Debug|x64 = Debug|x64
		Debug|x86 = Debug|x86
		Release|x64 = Release|x64
		Release|x86 = Release|x86
	EndGlobalSection
	GlobalSection(ProjectConfigurationPlatforms) = postSolution
		{3F60C5DC-56E6-41A8-8B52-4EA1A2A45DCD}.Debug|x64.ActiveCfg = Debug|x64
		{3F60C5DC-56E6-41A8-8B52-4EA1A2A45DCD}.Debug|x64.Build.0 = Debug|x64
		{3F60C5DC-56E6-41A8-8B52-4EA1A2A45DCD}.Debug|x86.ActiveCfg = Debug|Win32
		{3F60C5DC-56E6-41A8-8B52-4EA1A2A45DCD}.Debug|x86.Build.0 = Debug|Win32
		{3F60C5DC-56E6-41A8-8B52-4EA1A2A45DCD}.Release|x64.ActiveCfg = Release|x64
		{3F60C5DC-56E6-41A8-8B52-4EA1A2A45DCD}.Release|x64.Build.0 = Release|x64
		{3F60C5DC-56E6-41A8-8B52-4EA1A2A45DCD}.Release|x86.ActiveCfg = Release|Win32
		{3F60C5DC-56E6-41A8-8B52-4EA1A2A45DCD}.Release|x86.Build.0 = Release|Win32
		{A81D1F11-F727-4DE7-982F-745D4B12FFAC}.Debug|x64.ActiveCfg = Debug|x64
		{A81D1F11-F727-4DE7-982F-745D4B12FFAC}.Debug|x64.Build.0 = Debug|x64
		{A81D1F11-F727-4DE7-982F-745D4B12FFAC}.Debug|x86.ActiveCfg = Debug|Win32
		{A81D1F11-F727-4DE7-982F-745D4B12FFAC}.Debug|x86.Build.0 = Debug|Win32
		{A81D1F11-F727-4DE7-982F-745D4B12FFAC}.Release|x64.ActiveCfg = Release|x64
		{A81D1F11-F727-4DE7-982F-745D4B12FFAC}.Release|x64.Build.0 = Release|x64
		{A81D1F11-F727-4DE7-982F-745D4B12FFAC}.Release|x86.ActiveCfg = Release|Win32
		{A81D1F11-F727-4DE7-982F-745D4B12FFAC}.Release|x86.Build.0 = Release|Win32
	EndGlobalSection
	GlobalSection(SolutionProperties) = preSolution
		HideSolutionNode = FALSE
	EndGlobalSection
	GlobalSection(ExtensibilityGlobals) = postSolution
		SolutionGuid = {C29EC478-D54C-44D0-9792-E559BDDD3501}
	EndGlobalSection
EndGlobal
